// !$*UTF8*$!
{
	archiveVersion = 1;
	classes = {
	};
	objectVersion = 46;
	objects = {

/* Begin PBXBuildFile section */
		9A416AE11D4C6DF6007FC52E /* main.m in Sources */ = {isa = PBXBuildFile; fileRef = 9A416AE01D4C6DF6007FC52E /* main.m */; };
		9A416AE41D4C6DF6007FC52E /* AppDelegate.m in Sources */ = {isa = PBXBuildFile; fileRef = 9A416AE31D4C6DF6007FC52E /* AppDelegate.m */; };
		9A416AE71D4C6DF6007FC52E /* ViewController.m in Sources */ = {isa = PBXBuildFile; fileRef = 9A416AE61D4C6DF6007FC52E /* ViewController.m */; };
		9A416AEA1D4C6DF6007FC52E /* Main.storyboard in Resources */ = {isa = PBXBuildFile; fileRef = 9A416AE81D4C6DF6007FC52E /* Main.storyboard */; };
		9A416AEC1D4C6DF6007FC52E /* Assets.xcassets in Resources */ = {isa = PBXBuildFile; fileRef = 9A416AEB1D4C6DF6007FC52E /* Assets.xcassets */; };
		9A416AEF1D4C6DF6007FC52E /* LaunchScreen.storyboard in Resources */ = {isa = PBXBuildFile; fileRef = 9A416AED1D4C6DF6007FC52E /* LaunchScreen.storyboard */; };
		9ABEC5971D52EDAB009A9E2B /* XXSwiftViewController.swift in Sources */ = {isa = PBXBuildFile; fileRef = 9ABEC5961D52EDAB009A9E2B /* XXSwiftViewController.swift */; };
		9ABEC59B1D52EE9D009A9E2B /* OSMOView.m in Sources */ = {isa = PBXBuildFile; fileRef = 9ABEC59A1D52EE9D009A9E2B /* OSMOView.m */; };
/* End PBXBuildFile section */

/* Begin PBXFileReference section */
		9A416ADC1D4C6DF6007FC52E /* XXOCUseSwift.app */ = {isa = PBXFileReference; explicitFileType = wrapper.application; includeInIndex = 0; path = XXOCUseSwift.app; sourceTree = BUILT_PRODUCTS_DIR; };
		9A416AE01D4C6DF6007FC52E /* main.m */ = {isa = PBXFileReference; lastKnownFileType = sourcecode.c.objc; path = main.m; sourceTree = "<group>"; };
		9A416AE21D4C6DF6007FC52E /* AppDelegate.h */ = {isa = PBXFileReference; lastKnownFileType = sourcecode.c.h; path = AppDelegate.h; sourceTree = "<group>"; };
		9A416AE31D4C6DF6007FC52E /* AppDelegate.m */ = {isa = PBXFileReference; lastKnownFileType = sourcecode.c.objc; path = AppDelegate.m; sourceTree = "<group>"; };
		9A416AE51D4C6DF6007FC52E /* ViewController.h */ = {isa = PBXFileReference; lastKnownFileType = sourcecode.c.h; path = ViewController.h; sourceTree = "<group>"; };
		9A416AE61D4C6DF6007FC52E /* ViewController.m */ = {isa = PBXFileReference; lastKnownFileType = sourcecode.c.objc; path = ViewController.m; sourceTree = "<group>"; };
		9A416AE91D4C6DF6007FC52E /* Base */ = {isa = PBXFileReference; lastKnownFileType = file.storyboard; name = Base; path = Base.lproj/Main.storyboard; sourceTree = "<group>"; };
		9A416AEB1D4C6DF6007FC52E /* Assets.xcassets */ = {isa = PBXFileReference; lastKnownFileType = folder.assetcatalog; path = Assets.xcassets; sourceTree = "<group>"; };
		9A416AEE1D4C6DF6007FC52E /* Base */ = {isa = PBXFileReference; lastKnownFileType = file.storyboard; name = Base; path = Base.lproj/LaunchScreen.storyboard; sourceTree = "<group>"; };
		9A416AF01D4C6DF6007FC52E /* Info.plist */ = {isa = PBXFileReference; lastKnownFileType = text.plist.xml; path = Info.plist; sourceTree = "<group>"; };
		9ABEC5951D52EDAB009A9E2B /* XXOCUseSwift-Bridging-Header.h */ = {isa = PBXFileReference; lastKnownFileType = sourcecode.c.h; name = "XXOCUseSwift-Bridging-Header.h"; path = "swift/XXOCUseSwift-Bridging-Header.h"; sourceTree = "<group>"; };
		9ABEC5961D52EDAB009A9E2B /* XXSwiftViewController.swift */ = {isa = PBXFileReference; fileEncoding = 4; lastKnownFileType = sourcecode.swift; path = XXSwiftViewController.swift; sourceTree = "<group>"; };
		9ABEC5991D52EE9D009A9E2B /* OSMOView.h */ = {isa = PBXFileReference; fileEncoding = 4; lastKnownFileType = sourcecode.c.h; path = OSMOView.h; sourceTree = "<group>"; };
		9ABEC59A1D52EE9D009A9E2B /* OSMOView.m */ = {isa = PBXFileReference; fileEncoding = 4; lastKnownFileType = sourcecode.c.objc; path = OSMOView.m; sourceTree = "<group>"; };
/* End PBXFileReference section */

/* Begin PBXFrameworksBuildPhase section */
		9A416AD91D4C6DF6007FC52E /* Frameworks */ = {
			isa = PBXFrameworksBuildPhase;
			buildActionMask = 2147483647;
			files = (
			);
			runOnlyForDeploymentPostprocessing = 0;
		};
/* End PBXFrameworksBuildPhase section */

/* Begin PBXGroup section */
		9A416AD31D4C6DF6007FC52E = {
			isa = PBXGroup;
			children = (
				9A416ADE1D4C6DF6007FC52E /* XXOCUseSwift */,
				9A416ADD1D4C6DF6007FC52E /* Products */,
			);
			sourceTree = "<group>";
		};
		9A416ADD1D4C6DF6007FC52E /* Products */ = {
			isa = PBXGroup;
			children = (
				9A416ADC1D4C6DF6007FC52E /* XXOCUseSwift.app */,
			);
			name = Products;
			sourceTree = "<group>";
		};
		9A416ADE1D4C6DF6007FC52E /* XXOCUseSwift */ = {
			isa = PBXGroup;
			children = (
				9ABEC5981D52EE91009A9E2B /* oc */,
				9ABEC5941D52EB57009A9E2B /* swift */,
				9A416AE21D4C6DF6007FC52E /* AppDelegate.h */,
				9A416AE31D4C6DF6007FC52E /* AppDelegate.m */,
				9A416AE51D4C6DF6007FC52E /* ViewController.h */,
				9A416AE61D4C6DF6007FC52E /* ViewController.m */,
				9A416AE81D4C6DF6007FC52E /* Main.storyboard */,
				9A416AEB1D4C6DF6007FC52E /* Assets.xcassets */,
				9A416AED1D4C6DF6007FC52E /* LaunchScreen.storyboard */,
				9A416AF01D4C6DF6007FC52E /* Info.plist */,
				9A416ADF1D4C6DF6007FC52E /* Supporting Files */,
			);
			path = XXOCUseSwift;
			sourceTree = "<group>";
		};
		9A416ADF1D4C6DF6007FC52E /* Supporting Files */ = {
			isa = PBXGroup;
			children = (
				9A416AE01D4C6DF6007FC52E /* main.m */,
				9ABEC5951D52EDAB009A9E2B /* XXOCUseSwift-Bridging-Header.h */,
			);
			name = "Supporting Files";
			sourceTree = "<group>";
		};
		9ABEC5941D52EB57009A9E2B /* swift */ = {
			isa = PBXGroup;
			children = (
				9ABEC5961D52EDAB009A9E2B /* XXSwiftViewController.swift */,
			);
			path = swift;
			sourceTree = "<group>";
		};
		9ABEC5981D52EE91009A9E2B /* oc */ = {
			isa = PBXGroup;
			children = (
				9ABEC5991D52EE9D009A9E2B /* OSMOView.h */,
				9ABEC59A1D52EE9D009A9E2B /* OSMOView.m */,
			);
			path = oc;
			sourceTree = "<group>";
		};
/* End PBXGroup section */

/* Begin PBXNativeTarget section */
		9A416ADB1D4C6DF6007FC52E /* XXOCUseSwift */ = {
			isa = PBXNativeTarget;
			buildConfigurationList = 9A416AF31D4C6DF6007FC52E /* Build configuration list for PBXNativeTarget "XXOCUseSwift" */;
			buildPhases = (
				9A416AD81D4C6DF6007FC52E /* Sources */,
				9A416AD91D4C6DF6007FC52E /* Frameworks */,
				9A416ADA1D4C6DF6007FC52E /* Resources */,
			);
			buildRules = (
			);
			dependencies = (
			);
			name = XXOCUseSwift;
			productName = XXOCUseSwift;
			productReference = 9A416ADC1D4C6DF6007FC52E /* XXOCUseSwift.app */;
			productType = "com.apple.product-type.application";
		};
/* End PBXNativeTarget section */

/* Begin PBXProject section */
		9A416AD41D4C6DF6007FC52E /* Project object */ = {
			isa = PBXProject;
			attributes = {
				LastUpgradeCheck = 0730;
				ORGANIZATIONNAME = tomxiang;
				TargetAttributes = {
					9A416ADB1D4C6DF6007FC52E = {
						CreatedOnToolsVersion = 7.3.1;
					};
				};
			};
			buildConfigurationList = 9A416AD71D4C6DF6007FC52E /* Build configuration list for PBXProject "XXOCUseSwift" */;
			compatibilityVersion = "Xcode 3.2";
			developmentRegion = English;
			hasScannedForEncodings = 0;
			knownRegions = (
				en,
				Base,
			);
			mainGroup = 9A416AD31D4C6DF6007FC52E;
			productRefGroup = 9A416ADD1D4C6DF6007FC52E /* Products */;
			projectDirPath = "";
			projectRoot = "";
			targets = (
				9A416ADB1D4C6DF6007FC52E /* XXOCUseSwift */,
			);
		};
/* End PBXProject section */

/* Begin PBXResourcesBuildPhase section */
		9A416ADA1D4C6DF6007FC52E /* Resources */ = {
			isa = PBXResourcesBuildPhase;
			buildActionMask = 2147483647;
			files = (
				9A416AEF1D4C6DF6007FC52E /* LaunchScreen.storyboard in Resources */,
				9A416AEC1D4C6DF6007FC52E /* Assets.xcassets in Resources */,
				9A416AEA1D4C6DF6007FC52E /* Main.storyboard in Resources */,
			);
			runOnlyForDeploymentPostprocessing = 0;
		};
/* End PBXResourcesBuildPhase section */

/* Begin PBXSourcesBuildPhase section */
		9A416AD81D4C6DF6007FC52E /* Sources */ = {
			isa = PBXSourcesBuildPhase;
			buildActionMask = 2147483647;
			files = (
				9ABEC59B1D52EE9D009A9E2B /* OSMOView.m in Sources */,
				9A416AE71D4C6DF6007FC52E /* ViewController.m in Sources */,
				9A416AE41D4C6DF6007FC52E /* AppDelegate.m in Sources */,
				9ABEC5971D52EDAB009A9E2B /* XXSwiftViewController.swift in Sources */,
				9A416AE11D4C6DF6007FC52E /* main.m in Sources */,
			);
			runOnlyForDeploymentPostprocessing = 0;
		};
/* End PBXSourcesBuildPhase section */

/* Begin PBXVariantGroup section */
		9A416AE81D4C6DF6007FC52E /* Main.storyboard */ = {
			isa = PBXVariantGroup;
			children = (
				9A416AE91D4C6DF6007FC52E /* Base */,
			);
			name = Main.storyboard;
			sourceTree = "<group>";
		};
		9A416AED1D4C6DF6007FC52E /* LaunchScreen.storyboard */ = {
			isa = PBXVariantGroup;
			children = (
				9A416AEE1D4C6DF6007FC52E /* Base */,
			);
			name = LaunchScreen.storyboard;
			sourceTree = "<group>";
		};
/* End PBXVariantGroup section */

/* Begin XCBuildConfiguration section */
		9A416AF11D4C6DF6007FC52E /* Debug */ = {
			isa = XCBuildConfiguration;
			buildSettings = {
				ALWAYS_SEARCH_USER_PATHS = NO;
				CLANG_ANALYZER_NONNULL = YES;
				CLANG_CXX_LANGUAGE_STANDARD = "gnu++0x";
				CLANG_CXX_LIBRARY = "libc++";
				CLANG_ENABLE_MODULES = YES;
				CLANG_ENABLE_OBJC_ARC = YES;
				CLANG_WARN_BOOL_CONVERSION = YES;
				CLANG_WARN_CONSTANT_CONVERSION = YES;
				CLANG_WARN_DIRECT_OBJC_ISA_USAGE = YES_ERROR;
				CLANG_WARN_EMPTY_BODY = YES;
				CLANG_WARN_ENUM_CONVERSION = YES;
				CLANG_WARN_INT_CONVERSION = YES;
				CLANG_WARN_OBJC_ROOT_CLASS = YES_ERROR;
				CLANG_WARN_UNREACHABLE_CODE = YES;
				CLANG_WARN__DUPLICATE_METHOD_MATCH = YES;
				"CODE_SIGN_IDENTITY[sdk=iphoneos*]" = "iPhone Developer";
				COPY_PHASE_STRIP = NO;
				DEBUG_INFORMATION_FORMAT = dwarf;
				ENABLE_STRICT_OBJC_MSGSEND = YES;
				ENABLE_TESTABILITY = YES;
				GCC_C_LANGUAGE_STANDARD = gnu99;
				GCC_DYNAMIC_NO_PIC = NO;
				GCC_NO_COMMON_BLOCKS = YES;
				GCC_OPTIMIZATION_LEVEL = 0;
				GCC_PREPROCESSOR_DEFINITIONS = (
					"DEBUG=1",
					"$(inherited)",
				);
				GCC_WARN_64_TO_32_BIT_CONVERSION = YES;
				GCC_WARN_ABOUT_RETURN_TYPE = YES_ERROR;
				GCC_WARN_UNDECLARED_SELECTOR = YES;
				GCC_WARN_UNINITIALIZED_AUTOS = YES_AGGRESSIVE;
				GCC_WARN_UNUSED_FUNCTION = YES;
				GCC_WARN_UNUSED_VARIABLE = YES;
				IPHONEOS_DEPLOYMENT_TARGET = 9.3;
				MTL_ENABLE_DEBUG_INFO = YES;
				ONLY_ACTIVE_ARCH = YES;
				SDKROOT = iphoneos;
				TARGETED_DEVICE_FAMILY = "1,2";
			};
			name = Debug;
		};
		9A416AF21D4C6DF6007FC52E /* Release */ = {
			isa = XCBuildConfiguration;
			buildSettings = {
				ALWAYS_SEARCH_USER_PATHS = NO;
				CLANG_ANALYZER_NONNULL = YES;
				CLANG_CXX_LANGUAGE_STANDARD = "gnu++0x";
				CLANG_CXX_LIBRARY = "libc++";
				CLANG_ENABLE_MODULES = YES;
				CLANG_ENABLE_OBJC_ARC = YES;
				CLANG_WARN_BOOL_CONVERSION = YES;
				CLANG_WARN_CONSTANT_CONVERSION = YES;
				CLANG_WARN_DIRECT_OBJC_ISA_USAGE = YES_ERROR;
				CLANG_WARN_EMPTY_BODY = YES;
				CLANG_WARN_ENUM_CONVERSION = YES;
				CLANG_WARN_INT_CONVERSION = YES;
				CLANG_WARN_OBJC_ROOT_CLASS = YES_ERROR;
				CLANG_WARN_UNREACHABLE_CODE = YES;
				CLANG_WARN__DUPLICATE_METHOD_MATCH = YES;
				"CODE_SIGN_IDENTITY[sdk=iphoneos*]" = "iPhone Developer";
				COPY_PHASE_STRIP = NO;
				DEBUG_INFORMATION_FORMAT = "dwarf-with-dsym";
				ENABLE_NS_ASSERTIONS = NO;
				ENABLE_STRICT_OBJC_MSGSEND = YES;
				GCC_C_LANGUAGE_STANDARD = gnu99;
				GCC_NO_COMMON_BLOCKS = YES;
				GCC_WARN_64_TO_32_BIT_CONVERSION = YES;
				GCC_WARN_ABOUT_RETURN_TYPE = YES_ERROR;
				GCC_WARN_UNDECLARED_SELECTOR = YES;
				GCC_WARN_UNINITIALIZED_AUTOS = YES_AGGRESSIVE;
				GCC_WARN_UNUSED_FUNCTION = YES;
				GCC_WARN_UNUSED_VARIABLE = YES;
				IPHONEOS_DEPLOYMENT_TARGET = 9.3;
				MTL_ENABLE_DEBUG_INFO = NO;
				SDKROOT = iphoneos;
				TARGETED_DEVICE_FAMILY = "1,2";
				VALIDATE_PRODUCT = YES;
			};
			name = Release;
		};
		9A416AF41D4C6DF6007FC52E /* Debug */ = {
			isa = XCBuildConfiguration;
			buildSettings = {
				ASSETCATALOG_COMPILER_APPICON_NAME = AppIcon;
				CLANG_ENABLE_MODULES = YES;
				INFOPLIST_FILE = XXOCUseSwift/Info.plist;
				LD_RUNPATH_SEARCH_PATHS = "$(inherited) @executable_path/Frameworks";
				PRODUCT_BUNDLE_IDENTIFIER = com.mqq.tomxiang.XXOCUseSwift;
				PRODUCT_NAME = "$(TARGET_NAME)";
				SWIFT_OBJC_BRIDGING_HEADER = "XXOCUseSwift/swift/XXOCUseSwift-Bridging-Header.h";
				SWIFT_OPTIMIZATION_LEVEL = "-Onone";
			};
			name = Debug;
		};
		9A416AF51D4C6DF6007FC52E /* Release */ = {
			isa = XCBuildConfiguration;
			buildSettings = {
				ASSETCATALOG_COMPILER_APPICON_NAME = AppIcon;
				CLANG_ENABLE_MODULES = YES;
				INFOPLIST_FILE = XXOCUseSwift/Info.plist;
				LD_RUNPATH_SEARCH_PATHS = "$(inherited) @executable_path/Frameworks";
				PRODUCT_BUNDLE_IDENTIFIER = com.mqq.tomxiang.XXOCUseSwift;
				PRODUCT_NAME = "$(TARGET_NAME)";
				SWIFT_OBJC_BRIDGING_HEADER = "XXOCUseSwift/swift/XXOCUseSwift-Bridging-Header.h";
			};
			name = Release;
		};
/* End XCBuildConfiguration section */

/* Begin XCConfigurationList section */
		9A416AD71D4C6DF6007FC52E /* Build configuration list for PBXProject "XXOCUseSwift" */ = {
			isa = XCConfigurationList;
			buildConfigurations = (
				9A416AF11D4C6DF6007FC52E /* Debug */,
				9A416AF21D4C6DF6007FC52E /* Release */,
			);
			defaultConfigurationIsVisible = 0;
			defaultConfigurationName = Release;
		};
		9A416AF31D4C6DF6007FC52E /* Build configuration list for PBXNativeTarget "XXOCUseSwift" */ = {
			isa = XCConfigurationList;
			buildConfigurations = (
				9A416AF41D4C6DF6007FC52E /* Debug */,
				9A416AF51D4C6DF6007FC52E /* Release */,
			);
			defaultConfigurationIsVisible = 0;
			defaultConfigurationName = Release;
		};
/* End XCConfigurationList section */
	};
	rootObject = 9A416AD41D4C6DF6007FC52E /* Project object */;
}
